
Microsoft Visual Studio Solution File, Format Version 12.00
# Visual Studio Version 17
VisualStudioVersion = 17.11.35222.181
MinimumVisualStudioVersion = 10.0.40219.1
Project("{9A19103F-16F7-4668-BE54-9A1E7A4F7556}") = "Library.MedicalManager", "Library.MedicalManager\Library.MedicalManager.csproj", "{01D32DFA-97D2-41F6-AA42-597531EC95BE}"
EndProject
Project("{9A19103F-16F7-4668-BE54-9A1E7A4F7556}") = "App.MedicalManager", "App.MedicalManager\App.MedicalManager.csproj", "{B57CE44E-74FE-439C-BEF5-EFB10217DA87}"
EndProject
Global
	GlobalSection(SolutionConfigurationPlatforms) = preSolution
		Debug|Any CPU = Debug|Any CPU
		Release|Any CPU = Release|Any CPU
	EndGlobalSection
	GlobalSection(ProjectConfigurationPlatforms) = postSolution
		{01D32DFA-97D2-41F6-AA42-597531EC95BE}.Debug|Any CPU.ActiveCfg = Debug|Any CPU
		{01D32DFA-97D2-41F6-AA42-597531EC95BE}.Debug|Any CPU.Build.0 = Debug|Any CPU
		{01D32DFA-97D2-41F6-AA42-597531EC95BE}.Release|Any CPU.ActiveCfg = Release|Any CPU
		{01D32DFA-97D2-41F6-AA42-597531EC95BE}.Release|Any CPU.Build.0 = Release|Any CPU
		{B57CE44E-74FE-439C-BEF5-EFB10217DA87}.Debug|Any CPU.ActiveCfg = Debug|Any CPU
		{B57CE44E-74FE-439C-BEF5-EFB10217DA87}.Debug|Any CPU.Build.0 = Debug|Any CPU
		{B57CE44E-74FE-439C-BEF5-EFB10217DA87}.Debug|Any CPU.Deploy.0 = Debug|Any CPU
		{B57CE44E-74FE-439C-BEF5-EFB10217DA87}.Release|Any CPU.ActiveCfg = Release|Any CPU
		{B57CE44E-74FE-439C-BEF5-EFB10217DA87}.Release|Any CPU.Build.0 = Release|Any CPU
		{B57CE44E-74FE-439C-BEF5-EFB10217DA87}.Release|Any CPU.Deploy.0 = Release|Any CPU
	EndGlobalSection
	GlobalSection(SolutionProperties) = preSolution
		HideSolutionNode = FALSE
	EndGlobalSection
	GlobalSection(ExtensibilityGlobals) = postSolution
		SolutionGuid = {D7D7F8E5-1679-407C-A9E2-F5AC02E0770F}
	EndGlobalSection
EndGlobal
